{
  "name": "@shipable/cli",
  "version": "0.1.3",
  "lockfileVersion": 3,
  "requires": true,
  "packages": {
    "": {
      "name": "@shipable/cli",
      "version": "0.1.3",
      "license": "Apache-2.0",
      "bin": {
        "shipable": "bin/shipable.js"
      },
      "engines": {
        "node": ">=18.18.0"
      }
    }
  }
}
